
Microsoft Visual Studio Solution File, Format Version 12.00
# Visual Studio 15
VisualStudioVersion = 15.0.27428.2037
MinimumVisualStudioVersion = 10.0.40219.1
Project("{FAE04EC0-301F-11D3-BF4B-00C04F79EFBC}") = "dropitlikeitshot", "dropitlikeitshot.csproj", "{424245CC-3C9D-4182-BF05-4E7CA1B6D9B7}"
EndProject
Global
	GlobalSection(SolutionConfigurationPlatforms) = preSolution
		Debug|Any CPU = Debug|Any CPU
		Debug32|Any CPU = Debug32|Any CPU
		Debug64|Any CPU = Debug64|Any CPU
		Release|Any CPU = Release|Any CPU
	EndGlobalSection
	GlobalSection(ProjectConfigurationPlatforms) = postSolution
		{424245CC-3C9D-4182-BF05-4E7CA1B6D9B7}.Debug|Any CPU.ActiveCfg = Debug|Any CPU
		{424245CC-3C9D-4182-BF05-4E7CA1B6D9B7}.Debug|Any CPU.Build.0 = Debug|Any CPU
		{424245CC-3C9D-4182-BF05-4E7CA1B6D9B7}.Debug32|Any CPU.ActiveCfg = Debug32|Any CPU
		{424245CC-3C9D-4182-BF05-4E7CA1B6D9B7}.Debug32|Any CPU.Build.0 = Debug32|Any CPU
		{424245CC-3C9D-4182-BF05-4E7CA1B6D9B7}.Debug64|Any CPU.ActiveCfg = Debug64|Any CPU
		{424245CC-3C9D-4182-BF05-4E7CA1B6D9B7}.Debug64|Any CPU.Build.0 = Debug64|Any CPU
		{424245CC-3C9D-4182-BF05-4E7CA1B6D9B7}.Release|Any CPU.ActiveCfg = Release|Any CPU
		{424245CC-3C9D-4182-BF05-4E7CA1B6D9B7}.Release|Any CPU.Build.0 = Release|Any CPU
	EndGlobalSection
	GlobalSection(SolutionProperties) = preSolution
		HideSolutionNode = FALSE
	EndGlobalSection
	GlobalSection(ExtensibilityGlobals) = postSolution
		SolutionGuid = {D07C56C5-51CF-439F-8047-D65CF407D689}
	EndGlobalSection
EndGlobal
